
Microsoft Visual Studio Solution File, Format Version 12.00
# Visual Studio 15
VisualStudioVersion = 15.0.28307.102
MinimumVisualStudioVersion = 10.0.40219.1
Project("{FAE04EC0-301F-11D3-BF4B-00C04F79EFBC}") = "Documenti.BoDocumenti", "Documenti.BoDocumenti\Documenti.BoDocumenti.csproj", "{33D0891D-215E-4002-8450-02F64D50C148}"
EndProject
Project("{FAE04EC0-301F-11D3-BF4B-00C04F79EFBC}") = "Documenti.test", "Documenti.test\Documenti.test.csproj", "{DB9601E6-C5B3-469D-8DFC-A58D57D4FBFC}"
EndProject
Global
	GlobalSection(SolutionConfigurationPlatforms) = preSolution
		Debug|Any CPU = Debug|Any CPU
		Release|Any CPU = Release|Any CPU
	EndGlobalSection
	GlobalSection(ProjectConfigurationPlatforms) = postSolution
		{33D0891D-215E-4002-8450-02F64D50C148}.Debug|Any CPU.ActiveCfg = Debug|Any CPU
		{33D0891D-215E-4002-8450-02F64D50C148}.Debug|Any CPU.Build.0 = Debug|Any CPU
		{33D0891D-215E-4002-8450-02F64D50C148}.Release|Any CPU.ActiveCfg = Release|Any CPU
		{33D0891D-215E-4002-8450-02F64D50C148}.Release|Any CPU.Build.0 = Release|Any CPU
		{DB9601E6-C5B3-469D-8DFC-A58D57D4FBFC}.Debug|Any CPU.ActiveCfg = Debug|Any CPU
		{DB9601E6-C5B3-469D-8DFC-A58D57D4FBFC}.Debug|Any CPU.Build.0 = Debug|Any CPU
		{DB9601E6-C5B3-469D-8DFC-A58D57D4FBFC}.Release|Any CPU.ActiveCfg = Release|Any CPU
		{DB9601E6-C5B3-469D-8DFC-A58D57D4FBFC}.Release|Any CPU.Build.0 = Release|Any CPU
	EndGlobalSection
	GlobalSection(SolutionProperties) = preSolution
		HideSolutionNode = FALSE
	EndGlobalSection
	GlobalSection(ExtensibilityGlobals) = postSolution
		SolutionGuid = {264D5443-4605-4729-9E67-A0AA9A1C7A76}
	EndGlobalSection
EndGlobal
